
Microsoft Visual Studio Solution File, Format Version 12.00
# Visual Studio 15
VisualStudioVersion = 15.0.27703.2026
MinimumVisualStudioVersion = 10.0.40219.1
Project("{FAE04EC0-301F-11D3-BF4B-00C04F79EFBC}") = "Web", "Web\Web.csproj", "{C325C233-8A78-4710-91C0-4CFB7A1329C9}"
EndProject
Project("{FAE04EC0-301F-11D3-BF4B-00C04F79EFBC}") = "Web.Tests", "Web.Tests\Web.Tests.csproj", "{720C3196-1DF9-4FB7-AB60-90C60BE0004B}"
EndProject
Global
	GlobalSection(SolutionConfigurationPlatforms) = preSolution
		Debug|Any CPU = Debug|Any CPU
		Release|Any CPU = Release|Any CPU
	EndGlobalSection
	GlobalSection(ProjectConfigurationPlatforms) = postSolution
		{C325C233-8A78-4710-91C0-4CFB7A1329C9}.Debug|Any CPU.ActiveCfg = Debug|Any CPU
		{C325C233-8A78-4710-91C0-4CFB7A1329C9}.Debug|Any CPU.Build.0 = Debug|Any CPU
		{C325C233-8A78-4710-91C0-4CFB7A1329C9}.Release|Any CPU.ActiveCfg = Release|Any CPU
		{C325C233-8A78-4710-91C0-4CFB7A1329C9}.Release|Any CPU.Build.0 = Release|Any CPU
		{720C3196-1DF9-4FB7-AB60-90C60BE0004B}.Debug|Any CPU.ActiveCfg = Debug|Any CPU
		{720C3196-1DF9-4FB7-AB60-90C60BE0004B}.Debug|Any CPU.Build.0 = Debug|Any CPU
		{720C3196-1DF9-4FB7-AB60-90C60BE0004B}.Release|Any CPU.ActiveCfg = Release|Any CPU
		{720C3196-1DF9-4FB7-AB60-90C60BE0004B}.Release|Any CPU.Build.0 = Release|Any CPU
	EndGlobalSection
	GlobalSection(SolutionProperties) = preSolution
		HideSolutionNode = FALSE
	EndGlobalSection
	GlobalSection(ExtensibilityGlobals) = postSolution
		SolutionGuid = {F600897E-5B88-42E1-99F7-C108B698CB25}
	EndGlobalSection
EndGlobal
